
Microsoft Visual Studio Solution File, Format Version 12.00
# Visual Studio Version 16
VisualStudioVersion = 16.0.30114.105
MinimumVisualStudioVersion = 10.0.40219.1
Project("{FAE04EC0-301F-11D3-BF4B-00C04F79EFBC}") = "API", "API\API.csproj", "{A99E794F-0C38-455C-A990-7E6F61593BCF}"
EndProject
Project("{FAE04EC0-301F-11D3-BF4B-00C04F79EFBC}") = "Core", "Core\Core.csproj", "{30957BE9-8C62-4B71-AC9E-E452F6339A8C}"
EndProject
Project("{FAE04EC0-301F-11D3-BF4B-00C04F79EFBC}") = "Infrastructure", "Infrastructure\Infrastructure.csproj", "{05E5ED51-09EF-4E49-8A32-7A26C62DCBF9}"
EndProject
Global
	GlobalSection(SolutionConfigurationPlatforms) = preSolution
		Debug|Any CPU = Debug|Any CPU
		Debug|x64 = Debug|x64
		Debug|x86 = Debug|x86
		Release|Any CPU = Release|Any CPU
		Release|x64 = Release|x64
		Release|x86 = Release|x86
	EndGlobalSection
	GlobalSection(SolutionProperties) = preSolution
		HideSolutionNode = FALSE
	EndGlobalSection
	GlobalSection(ProjectConfigurationPlatforms) = postSolution
		{A99E794F-0C38-455C-A990-7E6F61593BCF}.Debug|Any CPU.ActiveCfg = Debug|Any CPU
		{A99E794F-0C38-455C-A990-7E6F61593BCF}.Debug|Any CPU.Build.0 = Debug|Any CPU
		{A99E794F-0C38-455C-A990-7E6F61593BCF}.Debug|x64.ActiveCfg = Debug|Any CPU
		{A99E794F-0C38-455C-A990-7E6F61593BCF}.Debug|x64.Build.0 = Debug|Any CPU
		{A99E794F-0C38-455C-A990-7E6F61593BCF}.Debug|x86.ActiveCfg = Debug|Any CPU
		{A99E794F-0C38-455C-A990-7E6F61593BCF}.Debug|x86.Build.0 = Debug|Any CPU
		{A99E794F-0C38-455C-A990-7E6F61593BCF}.Release|Any CPU.ActiveCfg = Release|Any CPU
		{A99E794F-0C38-455C-A990-7E6F61593BCF}.Release|Any CPU.Build.0 = Release|Any CPU
		{A99E794F-0C38-455C-A990-7E6F61593BCF}.Release|x64.ActiveCfg = Release|Any CPU
		{A99E794F-0C38-455C-A990-7E6F61593BCF}.Release|x64.Build.0 = Release|Any CPU
		{A99E794F-0C38-455C-A990-7E6F61593BCF}.Release|x86.ActiveCfg = Release|Any CPU
		{A99E794F-0C38-455C-A990-7E6F61593BCF}.Release|x86.Build.0 = Release|Any CPU
		{30957BE9-8C62-4B71-AC9E-E452F6339A8C}.Debug|Any CPU.ActiveCfg = Debug|Any CPU
		{30957BE9-8C62-4B71-AC9E-E452F6339A8C}.Debug|Any CPU.Build.0 = Debug|Any CPU
		{30957BE9-8C62-4B71-AC9E-E452F6339A8C}.Debug|x64.ActiveCfg = Debug|Any CPU
		{30957BE9-8C62-4B71-AC9E-E452F6339A8C}.Debug|x64.Build.0 = Debug|Any CPU
		{30957BE9-8C62-4B71-AC9E-E452F6339A8C}.Debug|x86.ActiveCfg = Debug|Any CPU
		{30957BE9-8C62-4B71-AC9E-E452F6339A8C}.Debug|x86.Build.0 = Debug|Any CPU
		{30957BE9-8C62-4B71-AC9E-E452F6339A8C}.Release|Any CPU.ActiveCfg = Release|Any CPU
		{30957BE9-8C62-4B71-AC9E-E452F6339A8C}.Release|Any CPU.Build.0 = Release|Any CPU
		{30957BE9-8C62-4B71-AC9E-E452F6339A8C}.Release|x64.ActiveCfg = Release|Any CPU
		{30957BE9-8C62-4B71-AC9E-E452F6339A8C}.Release|x64.Build.0 = Release|Any CPU
		{30957BE9-8C62-4B71-AC9E-E452F6339A8C}.Release|x86.ActiveCfg = Release|Any CPU
		{30957BE9-8C62-4B71-AC9E-E452F6339A8C}.Release|x86.Build.0 = Release|Any CPU
		{05E5ED51-09EF-4E49-8A32-7A26C62DCBF9}.Debug|Any CPU.ActiveCfg = Debug|Any CPU
		{05E5ED51-09EF-4E49-8A32-7A26C62DCBF9}.Debug|Any CPU.Build.0 = Debug|Any CPU
		{05E5ED51-09EF-4E49-8A32-7A26C62DCBF9}.Debug|x64.ActiveCfg = Debug|Any CPU
		{05E5ED51-09EF-4E49-8A32-7A26C62DCBF9}.Debug|x64.Build.0 = Debug|Any CPU
		{05E5ED51-09EF-4E49-8A32-7A26C62DCBF9}.Debug|x86.ActiveCfg = Debug|Any CPU
		{05E5ED51-09EF-4E49-8A32-7A26C62DCBF9}.Debug|x86.Build.0 = Debug|Any CPU
		{05E5ED51-09EF-4E49-8A32-7A26C62DCBF9}.Release|Any CPU.ActiveCfg = Release|Any CPU
		{05E5ED51-09EF-4E49-8A32-7A26C62DCBF9}.Release|Any CPU.Build.0 = Release|Any CPU
		{05E5ED51-09EF-4E49-8A32-7A26C62DCBF9}.Release|x64.ActiveCfg = Release|Any CPU
		{05E5ED51-09EF-4E49-8A32-7A26C62DCBF9}.Release|x64.Build.0 = Release|Any CPU
		{05E5ED51-09EF-4E49-8A32-7A26C62DCBF9}.Release|x86.ActiveCfg = Release|Any CPU
		{05E5ED51-09EF-4E49-8A32-7A26C62DCBF9}.Release|x86.Build.0 = Release|Any CPU
	EndGlobalSection
EndGlobal
